
Microsoft Visual Studio Solution File, Format Version 12.00
# Visual Studio Version 17
VisualStudioVersion = 17.0.31903.59
MinimumVisualStudioVersion = 10.0.40219.1
Project("{9A19103F-16F7-4668-BE54-9A1E7A4F7556}") = "DataSaver", "src\DataSaver\DataSaver.csproj", "{2227596F-AB47-4265-AB57-A99833EBFC28}"
EndProject
Project("{FAE04EC0-301F-11D3-BF4B-00C04F79EFBC}") = "DataSaver.ApplicationCore", "src\DataSaver.ApplicationCore\DataSaver.ApplicationCore.csproj", "{75E382D8-632D-4EFD-976B-6511B8596F32}"
EndProject
Project("{FAE04EC0-301F-11D3-BF4B-00C04F79EFBC}") = "DataSaver.Infrastructure", "src\DataSaver.Infrastructure\DataSaver.Infrastructure.csproj", "{37EE7A0F-F091-4B0A-BFA9-85D63A9F0890}"
EndProject
Global
	GlobalSection(SolutionConfigurationPlatforms) = preSolution
		Debug|Any CPU = Debug|Any CPU
		Release|Any CPU = Release|Any CPU
	EndGlobalSection
	GlobalSection(ProjectConfigurationPlatforms) = postSolution
		{2227596F-AB47-4265-AB57-A99833EBFC28}.Debug|Any CPU.ActiveCfg = Debug|Any CPU
		{2227596F-AB47-4265-AB57-A99833EBFC28}.Debug|Any CPU.Build.0 = Debug|Any CPU
		{2227596F-AB47-4265-AB57-A99833EBFC28}.Release|Any CPU.ActiveCfg = Release|Any CPU
		{2227596F-AB47-4265-AB57-A99833EBFC28}.Release|Any CPU.Build.0 = Release|Any CPU
		{75E382D8-632D-4EFD-976B-6511B8596F32}.Debug|Any CPU.ActiveCfg = Debug|Any CPU
		{75E382D8-632D-4EFD-976B-6511B8596F32}.Debug|Any CPU.Build.0 = Debug|Any CPU
		{75E382D8-632D-4EFD-976B-6511B8596F32}.Release|Any CPU.ActiveCfg = Release|Any CPU
		{75E382D8-632D-4EFD-976B-6511B8596F32}.Release|Any CPU.Build.0 = Release|Any CPU
		{37EE7A0F-F091-4B0A-BFA9-85D63A9F0890}.Debug|Any CPU.ActiveCfg = Debug|Any CPU
		{37EE7A0F-F091-4B0A-BFA9-85D63A9F0890}.Debug|Any CPU.Build.0 = Debug|Any CPU
		{37EE7A0F-F091-4B0A-BFA9-85D63A9F0890}.Release|Any CPU.ActiveCfg = Release|Any CPU
		{37EE7A0F-F091-4B0A-BFA9-85D63A9F0890}.Release|Any CPU.Build.0 = Release|Any CPU
	EndGlobalSection
	GlobalSection(SolutionProperties) = preSolution
		HideSolutionNode = FALSE
	EndGlobalSection
	GlobalSection(ExtensibilityGlobals) = postSolution
		SolutionGuid = {19F069EB-10CD-4050-8FAC-7ED6128CCE63}
	EndGlobalSection
EndGlobal
